
Microsoft Visual Studio Solution File, Format Version 12.00
# Visual Studio Version 17
VisualStudioVersion = 17.4.33213.308
MinimumVisualStudioVersion = 10.0.40219.1
Project("{FAE04EC0-301F-11D3-BF4B-00C04F79EFBC}") = "CommonTextFileRename", "CommonTextFileRename.csproj", "{21F05AAF-2D6A-49BA-B8BB-A0520ECC72B1}"
EndProject
Global
	GlobalSection(SolutionConfigurationPlatforms) = preSolution
		Debug|Any CPU = Debug|Any CPU
		Release|Any CPU = Release|Any CPU
	EndGlobalSection
	GlobalSection(ProjectConfigurationPlatforms) = postSolution
		{21F05AAF-2D6A-49BA-B8BB-A0520ECC72B1}.Debug|Any CPU.ActiveCfg = Debug|Any CPU
		{21F05AAF-2D6A-49BA-B8BB-A0520ECC72B1}.Debug|Any CPU.Build.0 = Debug|Any CPU
		{21F05AAF-2D6A-49BA-B8BB-A0520ECC72B1}.Release|Any CPU.ActiveCfg = Release|Any CPU
		{21F05AAF-2D6A-49BA-B8BB-A0520ECC72B1}.Release|Any CPU.Build.0 = Release|Any CPU
	EndGlobalSection
	GlobalSection(SolutionProperties) = preSolution
		HideSolutionNode = FALSE
	EndGlobalSection
	GlobalSection(ExtensibilityGlobals) = postSolution
		SolutionGuid = {C863CE93-2653-4DF2-BC49-6FAADC67D820}
	EndGlobalSection
EndGlobal
